
Microsoft Visual Studio Solution File, Format Version 12.00
# Visual Studio Version 16
VisualStudioVersion = 16.0.31321.278
MinimumVisualStudioVersion = 10.0.40219.1
Project("{9A19103F-16F7-4668-BE54-9A1E7A4F7556}") = "ETicaretBasic", "ETicaretBasic\ETicaretBasic.csproj", "{ADDB8EA0-7D39-442A-BA88-7BDEF3B2E6FC}"
EndProject
Project("{9A19103F-16F7-4668-BE54-9A1E7A4F7556}") = "ApiG201210352", "..\..\..\Downloads\WebProgramlama_Proje-main\WebProgramlama_Proje-main\Proje Final\G201210352\ApiG201210352\ApiG201210352.csproj", "{58FBBEA6-F425-4793-8365-1D233CEB25D7}"
EndProject
Global
	GlobalSection(SolutionConfigurationPlatforms) = preSolution
		Debug|Any CPU = Debug|Any CPU
		Release|Any CPU = Release|Any CPU
	EndGlobalSection
	GlobalSection(ProjectConfigurationPlatforms) = postSolution
		{ADDB8EA0-7D39-442A-BA88-7BDEF3B2E6FC}.Debug|Any CPU.ActiveCfg = Debug|Any CPU
		{ADDB8EA0-7D39-442A-BA88-7BDEF3B2E6FC}.Debug|Any CPU.Build.0 = Debug|Any CPU
		{ADDB8EA0-7D39-442A-BA88-7BDEF3B2E6FC}.Release|Any CPU.ActiveCfg = Release|Any CPU
		{ADDB8EA0-7D39-442A-BA88-7BDEF3B2E6FC}.Release|Any CPU.Build.0 = Release|Any CPU
		{58FBBEA6-F425-4793-8365-1D233CEB25D7}.Debug|Any CPU.ActiveCfg = Debug|Any CPU
		{58FBBEA6-F425-4793-8365-1D233CEB25D7}.Debug|Any CPU.Build.0 = Debug|Any CPU
		{58FBBEA6-F425-4793-8365-1D233CEB25D7}.Release|Any CPU.ActiveCfg = Release|Any CPU
		{58FBBEA6-F425-4793-8365-1D233CEB25D7}.Release|Any CPU.Build.0 = Release|Any CPU
	EndGlobalSection
	GlobalSection(SolutionProperties) = preSolution
		HideSolutionNode = FALSE
	EndGlobalSection
	GlobalSection(ExtensibilityGlobals) = postSolution
		SolutionGuid = {99928431-310E-4DD2-84EF-F5B7E525088B}
	EndGlobalSection
EndGlobal
